
Microsoft Visual Studio Solution File, Format Version 12.00
# Visual Studio Version 17
VisualStudioVersion = 17.6.33815.320
MinimumVisualStudioVersion = 10.0.40219.1
Project("{FAE04EC0-301F-11D3-BF4B-00C04F79EFBC}") = "API_test", "API_test\API_test.csproj", "{8BAED3A5-056B-453B-9083-FF9BD942EAF4}"
EndProject
Global
	GlobalSection(SolutionConfigurationPlatforms) = preSolution
		Debug|Any CPU = Debug|Any CPU
		Release|Any CPU = Release|Any CPU
	EndGlobalSection
	GlobalSection(ProjectConfigurationPlatforms) = postSolution
		{8BAED3A5-056B-453B-9083-FF9BD942EAF4}.Debug|Any CPU.ActiveCfg = Debug|Any CPU
		{8BAED3A5-056B-453B-9083-FF9BD942EAF4}.Debug|Any CPU.Build.0 = Debug|Any CPU
		{8BAED3A5-056B-453B-9083-FF9BD942EAF4}.Release|Any CPU.ActiveCfg = Release|Any CPU
		{8BAED3A5-056B-453B-9083-FF9BD942EAF4}.Release|Any CPU.Build.0 = Release|Any CPU
	EndGlobalSection
	GlobalSection(SolutionProperties) = preSolution
		HideSolutionNode = FALSE
	EndGlobalSection
	GlobalSection(ExtensibilityGlobals) = postSolution
		SolutionGuid = {C3F89639-A123-461D-961A-9AC15A29CF32}
	EndGlobalSection
EndGlobal
